PODS:
  - DGCharts (5.1.0):
    - DGCharts/Core (= 5.1.0)
  - DGCharts/Core (5.1.0)
  - IQKeyboardManagerSwift (6.5.16)
  - Realm (20.0.3):
    - Realm/Headers (= 20.0.3)
  - Realm/Headers (20.0.3)
  - RealmSwift (20.0.3):
    - Realm (= 20.0.3)

DEPENDENCIES:
  - DGCharts
  - IQKeyboardManagerSwift (~> 6.5)
  - RealmSwift

SPEC REPOS:
  trunk:
    - DGCharts
    - IQKeyboardManagerSwift
    - Realm
    - RealmSwift

SPEC CHECKSUMS:
  DGCharts: 1c6daf585b6cfc78807af44ea690d357c410627f
  IQKeyboardManagerSwift: 12d89768845bb77b55cc092ecc2b1f9370f06b76
  Realm: 853e5089d6042dff807bda000277eadfe2da93d2
  RealmSwift: f33c19577cefcbf681345d721fcbc7b42be4c949

PODFILE CHECKSUM: 51ddc9ec9dcdadd099a5a3a39999c3974b80884e

COCOAPODS: 1.16.2
